<Solution>
  <Folder Name="/backend/" />
  <Folder Name="/backend/building-blocks/">
    <Project Path="backend/building-blocks/FinanceOS.BuildingBlocks/FinanceOS.BuildingBlocks.csproj" />
  </Folder>
  <Folder Name="/backend/contracts/">
    <Project Path="backend/contracts/FinanceOS.Contracts/FinanceOS.Contracts.csproj" />
  </Folder>
  <Folder Name="/backend/gateway/">
    <Project Path="backend/gateway/FinanceOS.Gateway/FinanceOS.Gateway.csproj" />
  </Folder>
  <Folder Name="/backend/services/" />
  <Folder Name="/backend/services/budget/">
    <Project Path="backend/services/budget/FinanceOS.Budget.Api/FinanceOS.Budget.Api.csproj" />
    <Project Path="backend/services/budget/FinanceOS.Budget.Application/FinanceOS.Budget.Application.csproj" />
    <Project Path="backend/services/budget/FinanceOS.Budget.Domain/FinanceOS.Budget.Domain.csproj" />
    <Project Path="backend/services/budget/FinanceOS.Budget.Infrastructure/FinanceOS.Budget.Infrastructure.csproj" />
  </Folder>
  <Folder Name="/backend/services/finance/">
    <Project Path="backend/services/finance/FinanceOS.Finance.Api/FinanceOS.Finance.Api.csproj" />
    <Project Path="backend/services/finance/FinanceOS.Finance.Application/FinanceOS.Finance.Application.csproj" />
    <Project Path="backend/services/finance/FinanceOS.Finance.Domain/FinanceOS.Finance.Domain.csproj" />
    <Project Path="backend/services/finance/FinanceOS.Finance.Infrastructure/FinanceOS.Finance.Infrastructure.csproj" />
  </Folder>
  <Folder Name="/backend/services/forecast/">
    <Project Path="backend/services/forecast/FinanceOS.Forecast.Api/FinanceOS.Forecast.Api.csproj" />
  </Folder>
  <Folder Name="/backend/services/identity/">
    <Project Path="backend/services/identity/FinanceOS.Identity.Api/FinanceOS.Identity.Api.csproj" />
    <Project Path="backend/services/identity/FinanceOS.Identity.Application/FinanceOS.Identity.Application.csproj" />
    <Project Path="backend/services/identity/FinanceOS.Identity.Domain/FinanceOS.Identity.Domain.csproj" />
    <Project Path="backend/services/identity/FinanceOS.Identity.Infrastructure/FinanceOS.Identity.Infrastructure.csproj" />
  </Folder>
  <Folder Name="/backend/services/notification/">
    <Project Path="backend/services/notification/FinanceOS.Notification.Api/FinanceOS.Notification.Api.csproj" />
    <Project Path="backend/services/notification/FinanceOS.Notification.Application/FinanceOS.Notification.Application.csproj" />
    <Project Path="backend/services/notification/FinanceOS.Notification.Domain/FinanceOS.Notification.Domain.csproj" />
    <Project Path="backend/services/notification/FinanceOS.Notification.Infrastructure/FinanceOS.Notification.Infrastructure.csproj" />
  </Folder>
  <Folder Name="/tests/">
    <Project Path="tests/FinanceOS.Foundation.Tests/FinanceOS.Foundation.Tests.csproj" />
  </Folder>
</Solution>
